dependencies:
- name: redis
  repository: oci://registry-1.docker.io/bitnamicharts
  version: 20.13.4
- name: postgresql
  repository: oci://registry-1.docker.io/bitnamicharts
  version: 16.7.27
- name: common
  repository: oci://registry-1.docker.io/bitnamicharts
  version: 2.31.4
digest: sha256:e2eb7726afca05715be00aa89c2a6f162424d0721db46ad62cac19aa13d155a4
generated: "2025-10-03T14:16:46.525957-04:00"
